<?xml version="1.0" encoding="utf-8"?>
<Project ToolsVersion="4.0" xmlns="http://schemas.microsoft.com/developer/msbuild/2003">
  <ItemGroup>
    <ClInclude Include="Project Files\Utils\b3Clock.h">
      <Filter>Support Files</Filter>
    </ClInclude>
    <ClInclude Include="Project Files\ThirdPartyLibs\Glew\CustomGL\glew.h">
      <Filter>Support Files</Filter>
    </ClInclude>
    <ClInclude Include="Project Files\ThirdPartyLibs\Glew\CustomGL\glxew.h">
      <Filter>Support Files</Filter>
    </ClInclude>
    <ClInclude Include="Project Files\ThirdPartyLibs\Glew\CustomGL\wglew.h">
      <Filter>Support Files</Filter>
    </ClInclude>
    <ClInclude Include="Project Files\Creatures\BasicExample.h">
      <Filter>Headers</Filter>
    </ClInclude>
    <ClInclude Include="Network.h">
      <Filter>Headers</Filter>
    </ClInclude>
    <ClInclude Include="neuron.h">
      <Filter>Headers</Filter>
    </ClInclude>
    <ClInclude Include="Project Files\Creatures\RagDoll.h">
      <Filter>Headers</Filter>
    </ClInclude>
    <ClInclude Include="Project Files\Creatures\Robot.h">
      <Filter>Headers</Filter>
    </ClInclude>
  </ItemGroup>
  <ItemGroup>
    <ClCompile Include="Project Files\Utils\b3Clock.cpp">
      <Filter>Support Files</Filter>
    </ClCompile>
    <ClCompile Include="Project Files\ExampleBrowser\CollisionShape2TriangleMesh.cpp">
      <Filter>Support Files</Filter>
    </ClCompile>
    <ClCompile Include="Project Files\ExampleBrowser\GL_ShapeDrawer.cpp">
      <Filter>Support Files</Filter>
    </ClCompile>
    <ClCompile Include="Project Files\ThirdPartyLibs\Glew\glew.c">
      <Filter>Support Files</Filter>
    </ClCompile>
    <ClCompile Include="Project Files\StandaloneMain\main_opengl_single_example.cpp">
      <Filter>Support Files</Filter>
    </ClCompile>
    <ClCompile Include="Project Files\ExampleBrowser\OpenGLGuiHelper.cpp">
      <Filter>Support Files</Filter>
    </ClCompile>
    <ClCompile Include="Project Files\Creatures\BasicExample.cpp">
      <Filter>Src</Filter>
    </ClCompile>
    <ClCompile Include="Project Files\Creatures\Robot.cpp">
      <Filter>Src</Filter>
    </ClCompile>
    <ClCompile Include="Project Files\Creatures\RagDoll.cpp">
      <Filter>Src</Filter>
    </ClCompile>
    <ClCompile Include="neuron.cpp">
      <Filter>Src</Filter>
    </ClCompile>
    <ClCompile Include="Network.cpp">
      <Filter>Src</Filter>
    </ClCompile>
  </ItemGroup>
  <ItemGroup>
    <Filter Include="Src">
      <UniqueIdentifier>{3fdfe8b3-acce-4417-958a-a72512bd5257}</UniqueIdentifier>
    </Filter>
    <Filter Include="Headers">
      <UniqueIdentifier>{0b7b7f3c-0cf1-421f-bf80-9ac5ac4e3021}</UniqueIdentifier>
    </Filter>
    <Filter Include="Support Files">
      <UniqueIdentifier>{fe11e296-b44f-45b7-8b96-99cc6bda4966}</UniqueIdentifier>
    </Filter>
  </ItemGroup>
</Project>