<?xml version="1.0" encoding="utf-8"?>
<Project ToolsVersion="4.0" xmlns="http://schemas.microsoft.com/developer/msbuild/2003">
  <ItemGroup>
    <Filter Include="examples">
      <UniqueIdentifier>{559D924D-4FAB-3D4F-975B-4214FDDAB265}</UniqueIdentifier>
    </Filter>
    <Filter Include="examples\ThirdPartyLibs">
      <UniqueIdentifier>{CF180AD9-D62B-9545-8D18-297848C846C9}</UniqueIdentifier>
    </Filter>
    <Filter Include="examples\ThirdPartyLibs\Glew">
      <UniqueIdentifier>{64F90EDE-A909-1C40-A95E-933F70572C7F}</UniqueIdentifier>
    </Filter>
    <Filter Include="examples\StandaloneMain">
      <UniqueIdentifier>{8CF29A5D-971A-1647-88CE-9AD27E877634}</UniqueIdentifier>
    </Filter>
    <Filter Include="examples\ExampleBrowser">
      <UniqueIdentifier>{682C99C0-C1F5-ED4A-8278-6EC1A871E7C9}</UniqueIdentifier>
    </Filter>
    <Filter Include="examples\Utils">
      <UniqueIdentifier>{4B11749A-9F15-3546-B67A-34009375EEE3}</UniqueIdentifier>
    </Filter>
    <Filter Include="examples\Creatures">
      <UniqueIdentifier>{79839BF9-EF5E-1941-8A43-2E573F4979D6}</UniqueIdentifier>
    </Filter>
  </ItemGroup>
  <ItemGroup>
    <ClInclude Include="src\Utils\b3Clock.h">
      <Filter>examples\Utils</Filter>
    </ClInclude>
    <ClInclude Include="src\Creatures\BasicExample.h">
      <Filter>examples\Creatures</Filter>
    </ClInclude>
    <ClInclude Include="src\Creatures\Robot.h">
      <Filter>examples\Creatures</Filter>
    </ClInclude>
    <ClInclude Include="src\Creatures\RagDoll.h">
      <Filter>examples\Creatures</Filter>
    </ClInclude>
  </ItemGroup>
  <ItemGroup>
    <ClCompile Include="src\Utils\b3Clock.cpp">
      <Filter>examples\Utils</Filter>
    </ClCompile>
    <ClCompile Include="src\Creatures\BasicExample.cpp">
      <Filter>examples\Creatures</Filter>
    </ClCompile>
    <ClCompile Include="src\Creatures\Robot.cpp">
      <Filter>examples\Creatures</Filter>
    </ClCompile>
    <ClCompile Include="src\Creatures\RagDoll.cpp">
      <Filter>examples\Creatures</Filter>
    </ClCompile>
    <ClCompile Include="src\ThirdPartyLibs\Glew\glew.c">
      <Filter>examples\ThirdPartyLibs\Glew</Filter>
    </ClCompile>
    <ClCompile Include="src\ExampleBrowser\CollisionShape2TriangleMesh.cpp">
      <Filter>examples\ExampleBrowser</Filter>
    </ClCompile>
    <ClCompile Include="src\StandaloneMain\main_opengl_single_example.cpp">
      <Filter>examples\StandaloneMain</Filter>
    </ClCompile>
    <ClCompile Include="src\ExampleBrowser\OpenGLGuiHelper.cpp">
      <Filter>examples\ExampleBrowser</Filter>
    </ClCompile>
    <ClCompile Include="src\ExampleBrowser\GL_ShapeDrawer.cpp">
      <Filter>examples\ExampleBrowser</Filter>
    </ClCompile>
  </ItemGroup>
</Project>